schema: '2.0'
stages:
  aemet_t2m_stations_spain_mcmc_train:
    cmd: python st_evt/_src/modules/models/aemet/gevd_nonstationary_iid/model.py train-model-gevd-mcmc
      --dataset-path 'data/ml_ready/aemet/t2max_stations_bm_summer.zarr' --save-path
      'data/ml_results/aemet/t2max/spain/gevd_nonstationary_iid/mcmc/' --variable
      't2max' --covariate 'gmst' --num-mcmc-samples '2000' --num-chains '4' --num-mcmc-warmup
      '10000' --num-map-warmup '100000'
    deps:
    - path: data/ml_ready/aemet/t2max_stations_bm_summer.zarr
      hash: md5
      md5: 3956587251376c26b358ac9b11820d7f.dir
      size: 169972
      nfiles: 30
    - path: st_evt/_src/modules/models/aemet/gevd_nonstationary_iid/model.py
      hash: md5
      md5: 54ad55aab345bbde5656af84c58ae6aa
      size: 9673
    outs:
    - path: 
        data/ml_results/aemet/t2max/spain/gevd_nonstationary_iid/mcmc/az_nonstationary.zarr
      hash: md5
      md5: e675794f98de27977f181eff4c58033e
      size: 1852110923
  aemet_pr_stations_spain_mcmc_train:
    cmd: python st_evt/_src/modules/models/aemet/gevd_nonstationary_iid/model.py train-model-gevd-mcmc
      --dataset-path 'data/ml_ready/aemet/pr_stations_bm_fall.zarr' --save-path 'data/ml_results/aemet/pr/spain/gevd_nonstationary_iid/mcmc/'
      --variable 'pr' --covariate 'gmst' --num-mcmc-samples '2000' --num-chains '4'
      --num-mcmc-warmup '10000' --num-map-warmup '100000'
    deps:
    - path: data/ml_ready/aemet/pr_stations_bm_fall.zarr
      hash: md5
      md5: b92a904db60f4ba0ca7e28748dd76eca.dir
      size: 268719
      nfiles: 31
    - path: st_evt/_src/modules/models/aemet/gevd_nonstationary_iid/model.py
      hash: md5
      md5: 54ad55aab345bbde5656af84c58ae6aa
      size: 9673
    outs:
    - path: data/ml_results/aemet/pr/spain/gevd_nonstationary_iid/mcmc/az_nonstationary.zarr
      hash: md5
      md5: 94dd4c3e1a3224f7c9d303bab740f876
      size: 2040533924
