schema: '2.0'
stages:
  aemet_stations_mcmc_train:
    cmd: python st_evt/_src/modules/models/aemet/st_gevd_stationary_iid.py train-model-gevd-mcmc
      --dataset-path 'data/ml_ready/aemet/t2max_stations_bm_summer.zarr' --save-path
      'data/ml_results/aemet/t2max/gevd_stationary_iid/mcmc/' --variable 't2max_bm_year'
      --covariate 'gmst' --num-mcmc-samples 1_000 --num-chains 4 --num-mcmc-warmup
      10_000 --num-map-warmup 100_000
    deps:
    - path: data/ml_ready/aemet/t2max_stations_bm_summer.zarr
      hash: md5
      md5: a18045cb702634b449bc05c867b9195c.dir
      size: 172304
      nfiles: 36
    - path: st_evt/_src/modules/models/aemet/st_gevd_stationary_iid.py
      hash: md5
      md5: 6db86670fd53cc4d94622bb859474681
      size: 5738
    outs:
    - path: data/ml_results/aemet/t2max/gevd_stationary_iid/mcmc/az_nonstationary.zarr
      hash: md5
      md5: 4e11a6b6142b67205b0cf4c5f1f2a76c
      size: 131595793
    - path: data/ml_results/aemet/t2max/gevd_stationary_iid/mcmc/az_posterior_params.yaml
      hash: md5
      md5: 12039c01fe37fb77f1a063859c0988ed
      size: 42709057
