schema: '2.0'
stages:
  clean_aemet_t2max:
    cmd: python st_evt/_src/modules/clean/aemet.py clean-t2m-stations --load-path
      'data/raw/aemet' --save-path 'data/clean/aemet'
    deps:
    - path: data/raw/aemet/red_feten.csv
      hash: md5
      md5: d6e6de1a592e3d1cef8d9a2b5df89e05
      size: 8083
    - path: data/raw/aemet/spain_stations.csv
      hash: md5
      md5: 599930cd5e266b02750c3e451696e101
      size: 329576
    - path: data/raw/aemet/tmax_homo.csv
      hash: md5
      md5: a060b17a4612fbe3102543d70917dbbe
      size: 163518858
    outs:
    - path: data/clean/aemet/t2max_stations.zarr
      hash: md5
      md5: e758a49edc2fe8f36ad6a3444b313140.dir
      size: 37185951
      nfiles: 90
  clean_aemet_pr:
    cmd: python st_evt/_src/modules/clean/aemet.py clean-pr-stations --load-path 'data/raw/aemet'
      --save-path 'data/clean/aemet'
    deps:
    - path: data/raw/aemet/pr.csv
      hash: md5
      md5: 4df4d9cfa72ce987493ab678261d49b6
      size: 133341777
    - path: data/raw/aemet/red_feten.csv
      hash: md5
      md5: d6e6de1a592e3d1cef8d9a2b5df89e05
      size: 8083
    - path: data/raw/aemet/spain_stations.csv
      hash: md5
      md5: 599930cd5e266b02750c3e451696e101
      size: 329576
    outs:
    - path: data/clean/aemet/pr_stations.zarr
      hash: md5
      md5: 6df26e7fa86c700669c0d62ca702c626.dir
      size: 36113230
      nfiles: 154
  clean_gmst_david:
    cmd: python st_evt/_src/modules/clean/gmst.py clean-gmst-david --load-path 'data/raw/gmst'
      --save-path 'data/clean/gmst'
    deps:
    - path: data/raw/gmst/gmst_david.xlsx
      hash: md5
      md5: df907741d68510267e980d1ebf3fcdb5
      size: 35564
    outs:
    - path: data/clean/gmst/gmst_david.zarr
      hash: md5
      md5: fb56def1a9f5b148461f942f7024cec7.dir
      size: 18611
      nfiles: 27
  viz_aemet_t2max:
    cmd: python st_evt/_src/modules/viz/aemet/analysis.py eda-spain --dataset-path
      'data/clean/aemet/t2max_stations.zarr' --save-path 'data/viz/aemet/t2max/spain/eda/'
      --variable "t2max" --covariate "time"
    deps:
    - path: data/clean/aemet/t2max_stations.zarr
      hash: md5
      md5: e758a49edc2fe8f36ad6a3444b313140.dir
      size: 37185951
      nfiles: 90
