schema: '2.0'
stages:
  viz_station_t2max:
    cmd: "python ../../st_evt/_src/modules/eda/aemet_station.py viz-t2max-station
      --load-path '../../data/clean' --save-path '/home/juanjohn/pool_data/dynev4eo/figures'
      --station-id '8414A'\n"
    deps:
    - path: ../../data/clean/t2max_stations.zarr
      hash: md5
      md5: b625369cea17087f48990ac2154f7544.dir
      size: 73041381
      nfiles: 154
    - path: ../../st_evt/_src/modules/eda/aemet_station.py
      hash: md5
      md5: 0c3533fdbb8a28aefcf8a753f77113c1
      size: 4890
    params:
      params.yaml:
        eda.station_id: 8414A
        filepaths.clean_path: ../../data/clean
        filepaths.viz_eda_path: /home/juanjohn/pool_data/dynev4eo/figures
  viz_station_pr:
    cmd: "python ../../st_evt/_src/modules/eda/aemet_station.py viz-pr-station --load-path
      '../../data/clean' --save-path '/home/juanjohn/pool_data/dynev4eo/figures' --station-id
      '8414A'\n"
    deps:
    - path: ../../data/clean/pr_stations.zarr
      hash: md5
      md5: 043c74078173e2651344cf8786d82bd6.dir
      size: 63825813
      nfiles: 154
    - path: ../../st_evt/_src/modules/eda/aemet_station.py
      hash: md5
      md5: 0c3533fdbb8a28aefcf8a753f77113c1
      size: 4890
    params:
      params.yaml:
        eda.station_id: 8414A
        filepaths.clean_path: ../../data/clean
        filepaths.viz_eda_path: /home/juanjohn/pool_data/dynev4eo/figures
  viz_gmst_david:
    cmd: "python ../../st_evt/_src/modules/eda/gmst.py viz-gmst-david --load-path
      '../../data/clean' --save-path '/home/juanjohn/pool_data/dynev4eo/figures'\n"
    deps:
    - path: ../../data/clean/gmst_david.zarr
      hash: md5
      md5: fb56def1a9f5b148461f942f7024cec7.dir
      size: 18611
      nfiles: 27
    - path: ../../st_evt/_src/modules/eda/gmst.py
      hash: md5
      md5: d1311b6f40f6febe4884bb730a5b387f
      size: 4529
    params:
      params.yaml:
        filepaths.clean_path: ../../data/clean
        filepaths.viz_eda_path: /home/juanjohn/pool_data/dynev4eo/figures
