schema: '2.0'
stages:
  aemet_bm_summer_extremes:
    cmd: python st_evt/_src/modules/extremes/aemet.py aemet-t2m-bm-year --data-path
      'data/clean/aemet' --cov-path 'data/clean/gmst' --save-path 'data/ml_ready/aemet'
      --output-name 't2max_stations_bm_summer' --months 6,7,8
    deps:
    - path: data/clean/aemet/t2max_stations.zarr
      hash: md5
      md5: 350e1783160470fc4c0e3c980932200e.dir
      size: 37185955
      nfiles: 90
    - path: data/clean/gmst/gmst_david.zarr
      hash: md5
      md5: fb56def1a9f5b148461f942f7024cec7.dir
      size: 18611
      nfiles: 27
    - path: st_evt/_src/modules/extremes/aemet.py
      hash: md5
      md5: 15a32931a9c6084c16329bdcbff01a74
      size: 2734
    params:
      pipelines/extremes/params.yaml:
        months: 6,7,8
    outs:
    - path: data/ml_ready/aemet/t2max_stations_bm_summer.zarr
      hash: md5
      md5: a18045cb702634b449bc05c867b9195c.dir
      size: 172304
      nfiles: 36
